
Microsoft Visual Studio Solution File, Format Version 12.00
# Visual Studio Version 17
VisualStudioVersion = 17.11.35327.3
MinimumVisualStudioVersion = 10.0.40219.1
Project("{FAE04EC0-301F-11D3-BF4B-00C04F79EFBC}") = "Simulator", "Simulator\Simulator.csproj", "{964EB0CD-754C-41FE-BEA0-411E3ABC9C79}"
EndProject
Global
	GlobalSection(SolutionConfigurationPlatforms) = preSolution
		Debug|Any CPU = Debug|Any CPU
		Release|Any CPU = Release|Any CPU
	EndGlobalSection
	GlobalSection(ProjectConfigurationPlatforms) = postSolution
		{964EB0CD-754C-41FE-BEA0-411E3ABC9C79}.Debug|Any CPU.ActiveCfg = Debug|Any CPU
		{964EB0CD-754C-41FE-BEA0-411E3ABC9C79}.Debug|Any CPU.Build.0 = Debug|Any CPU
		{964EB0CD-754C-41FE-BEA0-411E3ABC9C79}.Release|Any CPU.ActiveCfg = Release|Any CPU
		{964EB0CD-754C-41FE-BEA0-411E3ABC9C79}.Release|Any CPU.Build.0 = Release|Any CPU
	EndGlobalSection
	GlobalSection(SolutionProperties) = preSolution
		HideSolutionNode = FALSE
	EndGlobalSection
	GlobalSection(ExtensibilityGlobals) = postSolution
		SolutionGuid = {B803CC51-12AA-49BB-BBC0-A04536830170}
	EndGlobalSection
EndGlobal
